
Microsoft Visual Studio Solution File, Format Version 12.00
# Visual Studio Version 16
VisualStudioVersion = 16.0.29102.190
MinimumVisualStudioVersion = 10.0.40219.1
Project("{FAE04EC0-301F-11D3-BF4B-00C04F79EFBC}") = "searchfight", "searchfight\searchfight.csproj", "{1E537BA7-9967-461B-8B67-E15528E991A4}"
EndProject
Project("{FAE04EC0-301F-11D3-BF4B-00C04F79EFBC}") = "Common", "Common\Common.csproj", "{54071F3E-019D-436A-A864-367F3E6673F2}"
EndProject
Project("{FAE04EC0-301F-11D3-BF4B-00C04F79EFBC}") = "Logical", "Logical\Logical.csproj", "{DCF01363-30AE-42E1-AAB8-ECA18A00033D}"
EndProject
Project("{FAE04EC0-301F-11D3-BF4B-00C04F79EFBC}") = "Domain", "Domain\Domain.csproj", "{15F95BA6-8616-4D38-B07F-E689A40F12A8}"
EndProject
Project("{FAE04EC0-301F-11D3-BF4B-00C04F79EFBC}") = "Services", "Services\Services.csproj", "{6BDF2A55-43D0-4188-B3FD-11485D34D923}"
EndProject
Global
	GlobalSection(SolutionConfigurationPlatforms) = preSolution
		Debug|Any CPU = Debug|Any CPU
		Release|Any CPU = Release|Any CPU
	EndGlobalSection
	GlobalSection(ProjectConfigurationPlatforms) = postSolution
		{1E537BA7-9967-461B-8B67-E15528E991A4}.Debug|Any CPU.ActiveCfg = Debug|Any CPU
		{1E537BA7-9967-461B-8B67-E15528E991A4}.Debug|Any CPU.Build.0 = Debug|Any CPU
		{1E537BA7-9967-461B-8B67-E15528E991A4}.Release|Any CPU.ActiveCfg = Release|Any CPU
		{1E537BA7-9967-461B-8B67-E15528E991A4}.Release|Any CPU.Build.0 = Release|Any CPU
		{54071F3E-019D-436A-A864-367F3E6673F2}.Debug|Any CPU.ActiveCfg = Debug|Any CPU
		{54071F3E-019D-436A-A864-367F3E6673F2}.Debug|Any CPU.Build.0 = Debug|Any CPU
		{54071F3E-019D-436A-A864-367F3E6673F2}.Release|Any CPU.ActiveCfg = Release|Any CPU
		{54071F3E-019D-436A-A864-367F3E6673F2}.Release|Any CPU.Build.0 = Release|Any CPU
		{DCF01363-30AE-42E1-AAB8-ECA18A00033D}.Debug|Any CPU.ActiveCfg = Debug|Any CPU
		{DCF01363-30AE-42E1-AAB8-ECA18A00033D}.Debug|Any CPU.Build.0 = Debug|Any CPU
		{DCF01363-30AE-42E1-AAB8-ECA18A00033D}.Release|Any CPU.ActiveCfg = Release|Any CPU
		{DCF01363-30AE-42E1-AAB8-ECA18A00033D}.Release|Any CPU.Build.0 = Release|Any CPU
		{15F95BA6-8616-4D38-B07F-E689A40F12A8}.Debug|Any CPU.ActiveCfg = Debug|Any CPU
		{15F95BA6-8616-4D38-B07F-E689A40F12A8}.Debug|Any CPU.Build.0 = Debug|Any CPU
		{15F95BA6-8616-4D38-B07F-E689A40F12A8}.Release|Any CPU.ActiveCfg = Release|Any CPU
		{15F95BA6-8616-4D38-B07F-E689A40F12A8}.Release|Any CPU.Build.0 = Release|Any CPU
		{6BDF2A55-43D0-4188-B3FD-11485D34D923}.Debug|Any CPU.ActiveCfg = Debug|Any CPU
		{6BDF2A55-43D0-4188-B3FD-11485D34D923}.Debug|Any CPU.Build.0 = Debug|Any CPU
		{6BDF2A55-43D0-4188-B3FD-11485D34D923}.Release|Any CPU.ActiveCfg = Release|Any CPU
		{6BDF2A55-43D0-4188-B3FD-11485D34D923}.Release|Any CPU.Build.0 = Release|Any CPU
	EndGlobalSection
	GlobalSection(SolutionProperties) = preSolution
		HideSolutionNode = FALSE
	EndGlobalSection
	GlobalSection(ExtensibilityGlobals) = postSolution
		SolutionGuid = {D6C64079-5A6C-44E6-9ED7-FB8598863C34}
	EndGlobalSection
EndGlobal
